
Microsoft Visual Studio Solution File, Format Version 12.00
# Visual Studio Version 16
VisualStudioVersion = 16.0.31515.178
MinimumVisualStudioVersion = 10.0.40219.1
Project("{FAE04EC0-301F-11D3-BF4B-00C04F79EFBC}") = "Slorpus", "Slorpus.csproj", "{A2AD967C-6B0A-453D-ABAD-E8BB83184C11}"
EndProject
Global
	GlobalSection(SolutionConfigurationPlatforms) = preSolution
		Debug|Any CPU = Debug|Any CPU
		Release|Any CPU = Release|Any CPU
	EndGlobalSection
	GlobalSection(ProjectConfigurationPlatforms) = postSolution
		{A2AD967C-6B0A-453D-ABAD-E8BB83184C11}.Debug|Any CPU.ActiveCfg = Debug|Any CPU
		{A2AD967C-6B0A-453D-ABAD-E8BB83184C11}.Debug|Any CPU.Build.0 = Debug|Any CPU
		{A2AD967C-6B0A-453D-ABAD-E8BB83184C11}.Release|Any CPU.ActiveCfg = Release|Any CPU
		{A2AD967C-6B0A-453D-ABAD-E8BB83184C11}.Release|Any CPU.Build.0 = Release|Any CPU
	EndGlobalSection
	GlobalSection(SolutionProperties) = preSolution
		HideSolutionNode = FALSE
	EndGlobalSection
	GlobalSection(ExtensibilityGlobals) = postSolution
		SolutionGuid = {0C5F18A1-4978-425B-97BF-F9769ECB4B65}
	EndGlobalSection
EndGlobal
